// !$*UTF8*$!
{
	archiveVersion = 1;
	classes = {
	};
	objectVersion = 50;
	objects = {

/* Begin PBXBuildFile section */
		C83FB38921F7A7E60067C6B3 /* CreateToDoViewController.m in Sources */ = {isa = PBXBuildFile; fileRef = C83FB38821F7A7E60067C6B3 /* CreateToDoViewController.m */; };
		C83FB38C21F7BD1F0067C6B3 /* ToDoManager.m in Sources */ = {isa = PBXBuildFile; fileRef = C83FB38B21F7BD1F0067C6B3 /* ToDoManager.m */; };
		C87E374321F79A5D00A854F6 /* AppDelegate.m in Sources */ = {isa = PBXBuildFile; fileRef = C87E374221F79A5D00A854F6 /* AppDelegate.m */; };
		C87E374621F79A5D00A854F6 /* ViewController.m in Sources */ = {isa = PBXBuildFile; fileRef = C87E374521F79A5D00A854F6 /* ViewController.m */; };
		C87E374921F79A5D00A854F6 /* Main.storyboard in Resources */ = {isa = PBXBuildFile; fileRef = C87E374721F79A5D00A854F6 /* Main.storyboard */; };
		C87E374B21F79A5E00A854F6 /* Assets.xcassets in Resources */ = {isa = PBXBuildFile; fileRef = C87E374A21F79A5E00A854F6 /* Assets.xcassets */; };
		C87E374E21F79A5E00A854F6 /* LaunchScreen.storyboard in Resources */ = {isa = PBXBuildFile; fileRef = C87E374C21F79A5E00A854F6 /* LaunchScreen.storyboard */; };
		C87E375121F79A5E00A854F6 /* main.m in Sources */ = {isa = PBXBuildFile; fileRef = C87E375021F79A5E00A854F6 /* main.m */; };
		C87E375B21F79A5E00A854F6 /* EveryDoTests.m in Sources */ = {isa = PBXBuildFile; fileRef = C87E375A21F79A5E00A854F6 /* EveryDoTests.m */; };
		C87E376621F79A5E00A854F6 /* EveryDoUITests.m in Sources */ = {isa = PBXBuildFile; fileRef = C87E376521F79A5E00A854F6 /* EveryDoUITests.m */; };
		C87E377521F79AC100A854F6 /* ToDo.m in Sources */ = {isa = PBXBuildFile; fileRef = C87E377421F79AC100A854F6 /* ToDo.m */; };
		C87E377821F79E0E00A854F6 /* ToDoTableViewCell.m in Sources */ = {isa = PBXBuildFile; fileRef = C87E377721F79E0E00A854F6 /* ToDoTableViewCell.m */; };
		C87E377B21F7A31300A854F6 /* DetailViewController.m in Sources */ = {isa = PBXBuildFile; fileRef = C87E377A21F7A31300A854F6 /* DetailViewController.m */; };
/* End PBXBuildFile section */

/* Begin PBXContainerItemProxy section */
		C87E375721F79A5E00A854F6 /* PBXContainerItemProxy */ = {
			isa = PBXContainerItemProxy;
			containerPortal = C87E373621F79A5D00A854F6 /* Project object */;
			proxyType = 1;
			remoteGlobalIDString = C87E373D21F79A5D00A854F6;
			remoteInfo = EveryDo;
		};
		C87E376221F79A5E00A854F6 /* PBXContainerItemProxy */ = {
			isa = PBXContainerItemProxy;
			containerPortal = C87E373621F79A5D00A854F6 /* Project object */;
			proxyType = 1;
			remoteGlobalIDString = C87E373D21F79A5D00A854F6;
			remoteInfo = EveryDo;
		};
/* End PBXContainerItemProxy section */

/* Begin PBXFileReference section */
		C83FB38721F7A7E60067C6B3 /* CreateToDoViewController.h */ = {isa = PBXFileReference; lastKnownFileType = sourcecode.c.h; path = CreateToDoViewController.h; sourceTree = "<group>"; };
		C83FB38821F7A7E60067C6B3 /* CreateToDoViewController.m */ = {isa = PBXFileReference; lastKnownFileType = sourcecode.c.objc; path = CreateToDoViewController.m; sourceTree = "<group>"; };
		C83FB38A21F7BD1F0067C6B3 /* ToDoManager.h */ = {isa = PBXFileReference; lastKnownFileType = sourcecode.c.h; path = ToDoManager.h; sourceTree = "<group>"; };
		C83FB38B21F7BD1F0067C6B3 /* ToDoManager.m */ = {isa = PBXFileReference; lastKnownFileType = sourcecode.c.objc; path = ToDoManager.m; sourceTree = "<group>"; };
		C87E373E21F79A5D00A854F6 /* EveryDo.app */ = {isa = PBXFileReference; explicitFileType = wrapper.application; includeInIndex = 0; path = EveryDo.app; sourceTree = BUILT_PRODUCTS_DIR; };
		C87E374121F79A5D00A854F6 /* AppDelegate.h */ = {isa = PBXFileReference; lastKnownFileType = sourcecode.c.h; path = AppDelegate.h; sourceTree = "<group>"; };
		C87E374221F79A5D00A854F6 /* AppDelegate.m */ = {isa = PBXFileReference; lastKnownFileType = sourcecode.c.objc; path = AppDelegate.m; sourceTree = "<group>"; };
		C87E374421F79A5D00A854F6 /* ViewController.h */ = {isa = PBXFileReference; lastKnownFileType = sourcecode.c.h; path = ViewController.h; sourceTree = "<group>"; };
		C87E374521F79A5D00A854F6 /* ViewController.m */ = {isa = PBXFileReference; lastKnownFileType = sourcecode.c.objc; path = ViewController.m; sourceTree = "<group>"; };
		C87E374821F79A5D00A854F6 /* Base */ = {isa = PBXFileReference; lastKnownFileType = file.storyboard; name = Base; path = Base.lproj/Main.storyboard; sourceTree = "<group>"; };
		C87E374A21F79A5E00A854F6 /* Assets.xcassets */ = {isa = PBXFileReference; lastKnownFileType = folder.assetcatalog; path = Assets.xcassets; sourceTree = "<group>"; };
		C87E374D21F79A5E00A854F6 /* Base */ = {isa = PBXFileReference; lastKnownFileType = file.storyboard; name = Base; path = Base.lproj/LaunchScreen.storyboard; sourceTree = "<group>"; };
		C87E374F21F79A5E00A854F6 /* Info.plist */ = {isa = PBXFileReference; lastKnownFileType = text.plist.xml; path = Info.plist; sourceTree = "<group>"; };
		C87E375021F79A5E00A854F6 /* main.m */ = {isa = PBXFileReference; lastKnownFileType = sourcecode.c.objc; path = main.m; sourceTree = "<group>"; };
		C87E375621F79A5E00A854F6 /* EveryDoTests.xctest */ = {isa = PBXFileReference; explicitFileType = wrapper.cfbundle; includeInIndex = 0; path = EveryDoTests.xctest; sourceTree = BUILT_PRODUCTS_DIR; };
		C87E375A21F79A5E00A854F6 /* EveryDoTests.m */ = {isa = PBXFileReference; lastKnownFileType = sourcecode.c.objc; path = EveryDoTests.m; sourceTree = "<group>"; };
		C87E375C21F79A5E00A854F6 /* Info.plist */ = {isa = PBXFileReference; lastKnownFileType = text.plist.xml; path = Info.plist; sourceTree = "<group>"; };
		C87E376121F79A5E00A854F6 /* EveryDoUITests.xctest */ = {isa = PBXFileReference; explicitFileType = wrapper.cfbundle; includeInIndex = 0; path = EveryDoUITests.xctest; sourceTree = BUILT_PRODUCTS_DIR; };
		C87E376521F79A5E00A854F6 /* EveryDoUITests.m */ = {isa = PBXFileReference; lastKnownFileType = sourcecode.c.objc; path = EveryDoUITests.m; sourceTree = "<group>"; };
		C87E376721F79A5E00A854F6 /* Info.plist */ = {isa = PBXFileReference; lastKnownFileType = text.plist.xml; path = Info.plist; sourceTree = "<group>"; };
		C87E377321F79AC100A854F6 /* ToDo.h */ = {isa = PBXFileReference; lastKnownFileType = sourcecode.c.h; path = ToDo.h; sourceTree = "<group>"; };
		C87E377421F79AC100A854F6 /* ToDo.m */ = {isa = PBXFileReference; lastKnownFileType = sourcecode.c.objc; path = ToDo.m; sourceTree = "<group>"; };
		C87E377621F79E0E00A854F6 /* ToDoTableViewCell.h */ = {isa = PBXFileReference; lastKnownFileType = sourcecode.c.h; path = ToDoTableViewCell.h; sourceTree = "<group>"; };
		C87E377721F79E0E00A854F6 /* ToDoTableViewCell.m */ = {isa = PBXFileReference; lastKnownFileType = sourcecode.c.objc; path = ToDoTableViewCell.m; sourceTree = "<group>"; };
		C87E377921F7A31300A854F6 /* DetailViewController.h */ = {isa = PBXFileReference; lastKnownFileType = sourcecode.c.h; path = DetailViewController.h; sourceTree = "<group>"; };
		C87E377A21F7A31300A854F6 /* DetailViewController.m */ = {isa = PBXFileReference; lastKnownFileType = sourcecode.c.objc; path = DetailViewController.m; sourceTree = "<group>"; };
/* End PBXFileReference section */

/* Begin PBXFrameworksBuildPhase section */
		C87E373B21F79A5D00A854F6 /* Frameworks */ = {
			isa = PBXFrameworksBuildPhase;
			buildActionMask = 2147483647;
			files = (
			);
			runOnlyForDeploymentPostprocessing = 0;
		};
		C87E375321F79A5E00A854F6 /* Frameworks */ = {
			isa = PBXFrameworksBuildPhase;
			buildActionMask = 2147483647;
			files = (
			);
			runOnlyForDeploymentPostprocessing = 0;
		};
		C87E375E21F79A5E00A854F6 /* Frameworks */ = {
			isa = PBXFrameworksBuildPhase;
			buildActionMask = 2147483647;
			files = (
			);
			runOnlyForDeploymentPostprocessing = 0;
		};
/* End PBXFrameworksBuildPhase section */

/* Begin PBXGroup section */
		C87E373521F79A5D00A854F6 = {
			isa = PBXGroup;
			children = (
				C87E374021F79A5D00A854F6 /* EveryDo */,
				C87E375921F79A5E00A854F6 /* EveryDoTests */,
				C87E376421F79A5E00A854F6 /* EveryDoUITests */,
				C87E373F21F79A5D00A854F6 /* Products */,
			);
			sourceTree = "<group>";
		};
		C87E373F21F79A5D00A854F6 /* Products */ = {
			isa = PBXGroup;
			children = (
				C87E373E21F79A5D00A854F6 /* EveryDo.app */,
				C87E375621F79A5E00A854F6 /* EveryDoTests.xctest */,
				C87E376121F79A5E00A854F6 /* EveryDoUITests.xctest */,
			);
			name = Products;
			sourceTree = "<group>";
		};
		C87E374021F79A5D00A854F6 /* EveryDo */ = {
			isa = PBXGroup;
			children = (
				C87E374121F79A5D00A854F6 /* AppDelegate.h */,
				C87E374221F79A5D00A854F6 /* AppDelegate.m */,
				C87E374421F79A5D00A854F6 /* ViewController.h */,
				C87E374521F79A5D00A854F6 /* ViewController.m */,
				C87E377921F7A31300A854F6 /* DetailViewController.h */,
				C87E377A21F7A31300A854F6 /* DetailViewController.m */,
				C83FB38721F7A7E60067C6B3 /* CreateToDoViewController.h */,
				C83FB38821F7A7E60067C6B3 /* CreateToDoViewController.m */,
				C87E377621F79E0E00A854F6 /* ToDoTableViewCell.h */,
				C87E377721F79E0E00A854F6 /* ToDoTableViewCell.m */,
				C87E377321F79AC100A854F6 /* ToDo.h */,
				C87E377421F79AC100A854F6 /* ToDo.m */,
				C83FB38A21F7BD1F0067C6B3 /* ToDoManager.h */,
				C83FB38B21F7BD1F0067C6B3 /* ToDoManager.m */,
				C87E374721F79A5D00A854F6 /* Main.storyboard */,
				C87E374A21F79A5E00A854F6 /* Assets.xcassets */,
				C87E374C21F79A5E00A854F6 /* LaunchScreen.storyboard */,
				C87E374F21F79A5E00A854F6 /* Info.plist */,
				C87E375021F79A5E00A854F6 /* main.m */,
			);
			path = EveryDo;
			sourceTree = "<group>";
		};
		C87E375921F79A5E00A854F6 /* EveryDoTests */ = {
			isa = PBXGroup;
			children = (
				C87E375A21F79A5E00A854F6 /* EveryDoTests.m */,
				C87E375C21F79A5E00A854F6 /* Info.plist */,
			);
			path = EveryDoTests;
			sourceTree = "<group>";
		};
		C87E376421F79A5E00A854F6 /* EveryDoUITests */ = {
			isa = PBXGroup;
			children = (
				C87E376521F79A5E00A854F6 /* EveryDoUITests.m */,
				C87E376721F79A5E00A854F6 /* Info.plist */,
			);
			path = EveryDoUITests;
			sourceTree = "<group>";
		};
/* End PBXGroup section */

/* Begin PBXNativeTarget section */
		C87E373D21F79A5D00A854F6 /* EveryDo */ = {
			isa = PBXNativeTarget;
			buildConfigurationList = C87E376A21F79A5E00A854F6 /* Build configuration list for PBXNativeTarget "EveryDo" */;
			buildPhases = (
				C87E373A21F79A5D00A854F6 /* Sources */,
				C87E373B21F79A5D00A854F6 /* Frameworks */,
				C87E373C21F79A5D00A854F6 /* Resources */,
			);
			buildRules = (
			);
			dependencies = (
			);
			name = EveryDo;
			productName = EveryDo;
			productReference = C87E373E21F79A5D00A854F6 /* EveryDo.app */;
			productType = "com.apple.product-type.application";
		};
		C87E375521F79A5E00A854F6 /* EveryDoTests */ = {
			isa = PBXNativeTarget;
			buildConfigurationList = C87E376D21F79A5E00A854F6 /* Build configuration list for PBXNativeTarget "EveryDoTests" */;
			buildPhases = (
				C87E375221F79A5E00A854F6 /* Sources */,
				C87E375321F79A5E00A854F6 /* Frameworks */,
				C87E375421F79A5E00A854F6 /* Resources */,
			);
			buildRules = (
			);
			dependencies = (
				C87E375821F79A5E00A854F6 /* PBXTargetDependency */,
			);
			name = EveryDoTests;
			productName = EveryDoTests;
			productReference = C87E375621F79A5E00A854F6 /* EveryDoTests.xctest */;
			productType = "com.apple.product-type.bundle.unit-test";
		};
		C87E376021F79A5E00A854F6 /* EveryDoUITests */ = {
			isa = PBXNativeTarget;
			buildConfigurationList = C87E377021F79A5E00A854F6 /* Build configuration list for PBXNativeTarget "EveryDoUITests" */;
			buildPhases = (
				C87E375D21F79A5E00A854F6 /* Sources */,
				C87E375E21F79A5E00A854F6 /* Frameworks */,
				C87E375F21F79A5E00A854F6 /* Resources */,
			);
			buildRules = (
			);
			dependencies = (
				C87E376321F79A5E00A854F6 /* PBXTargetDependency */,
			);
			name = EveryDoUITests;
			productName = EveryDoUITests;
			productReference = C87E376121F79A5E00A854F6 /* EveryDoUITests.xctest */;
			productType = "com.apple.product-type.bundle.ui-testing";
		};
/* End PBXNativeTarget section */

/* Begin PBXProject section */
		C87E373621F79A5D00A854F6 /* Project object */ = {
			isa = PBXProject;
			attributes = {
				LastUpgradeCheck = 1010;
				ORGANIZATIONNAME = "Jun Oh";
				TargetAttributes = {
					C87E373D21F79A5D00A854F6 = {
						CreatedOnToolsVersion = 10.1;
					};
					C87E375521F79A5E00A854F6 = {
						CreatedOnToolsVersion = 10.1;
						TestTargetID = C87E373D21F79A5D00A854F6;
					};
					C87E376021F79A5E00A854F6 = {
						CreatedOnToolsVersion = 10.1;
						TestTargetID = C87E373D21F79A5D00A854F6;
					};
				};
			};
			buildConfigurationList = C87E373921F79A5D00A854F6 /* Build configuration list for PBXProject "EveryDo" */;
			compatibilityVersion = "Xcode 9.3";
			developmentRegion = en;
			hasScannedForEncodings = 0;
			knownRegions = (
				en,
				Base,
			);
			mainGroup = C87E373521F79A5D00A854F6;
			productRefGroup = C87E373F21F79A5D00A854F6 /* Products */;
			projectDirPath = "";
			projectRoot = "";
			targets = (
				C87E373D21F79A5D00A854F6 /* EveryDo */,
				C87E375521F79A5E00A854F6 /* EveryDoTests */,
				C87E376021F79A5E00A854F6 /* EveryDoUITests */,
			);
		};
/* End PBXProject section */

/* Begin PBXResourcesBuildPhase section */
		C87E373C21F79A5D00A854F6 /* Resources */ = {
			isa = PBXResourcesBuildPhase;
			buildActionMask = 2147483647;
			files = (
				C87E374E21F79A5E00A854F6 /* LaunchScreen.storyboard in Resources */,
				C87E374B21F79A5E00A854F6 /* Assets.xcassets in Resources */,
				C87E374921F79A5D00A854F6 /* Main.storyboard in Resources */,
			);
			runOnlyForDeploymentPostprocessing = 0;
		};
		C87E375421F79A5E00A854F6 /* Resources */ = {
			isa = PBXResourcesBuildPhase;
			buildActionMask = 2147483647;
			files = (
			);
			runOnlyForDeploymentPostprocessing = 0;
		};
		C87E375F21F79A5E00A854F6 /* Resources */ = {
			isa = PBXResourcesBuildPhase;
			buildActionMask = 2147483647;
			files = (
			);
			runOnlyForDeploymentPostprocessing = 0;
		};
/* End PBXResourcesBuildPhase section */

/* Begin PBXSourcesBuildPhase section */
		C87E373A21F79A5D00A854F6 /* Sources */ = {
			isa = PBXSourcesBuildPhase;
			buildActionMask = 2147483647;
			files = (
				C87E377821F79E0E00A854F6 /* ToDoTableViewCell.m in Sources */,
				C83FB38C21F7BD1F0067C6B3 /* ToDoManager.m in Sources */,
				C87E374621F79A5D00A854F6 /* ViewController.m in Sources */,
				C87E375121F79A5E00A854F6 /* main.m in Sources */,
				C87E374321F79A5D00A854F6 /* AppDelegate.m in Sources */,
				C87E377521F79AC100A854F6 /* ToDo.m in Sources */,
				C87E377B21F7A31300A854F6 /* DetailViewController.m in Sources */,
				C83FB38921F7A7E60067C6B3 /* CreateToDoViewController.m in Sources */,
			);
			runOnlyForDeploymentPostprocessing = 0;
		};
		C87E375221F79A5E00A854F6 /* Sources */ = {
			isa = PBXSourcesBuildPhase;
			buildActionMask = 2147483647;
			files = (
				C87E375B21F79A5E00A854F6 /* EveryDoTests.m in Sources */,
			);
			runOnlyForDeploymentPostprocessing = 0;
		};
		C87E375D21F79A5E00A854F6 /* Sources */ = {
			isa = PBXSourcesBuildPhase;
			buildActionMask = 2147483647;
			files = (
				C87E376621F79A5E00A854F6 /* EveryDoUITests.m in Sources */,
			);
			runOnlyForDeploymentPostprocessing = 0;
		};
/* End PBXSourcesBuildPhase section */

/* Begin PBXTargetDependency section */
		C87E375821F79A5E00A854F6 /* PBXTargetDependency */ = {
			isa = PBXTargetDependency;
			target = C87E373D21F79A5D00A854F6 /* EveryDo */;
			targetProxy = C87E375721F79A5E00A854F6 /* PBXContainerItemProxy */;
		};
		C87E376321F79A5E00A854F6 /* PBXTargetDependency */ = {
			isa = PBXTargetDependency;
			target = C87E373D21F79A5D00A854F6 /* EveryDo */;
			targetProxy = C87E376221F79A5E00A854F6 /* PBXContainerItemProxy */;
		};
/* End PBXTargetDependency section */

/* Begin PBXVariantGroup section */
		C87E374721F79A5D00A854F6 /* Main.storyboard */ = {
			isa = PBXVariantGroup;
			children = (
				C87E374821F79A5D00A854F6 /* Base */,
			);
			name = Main.storyboard;
			sourceTree = "<group>";
		};
		C87E374C21F79A5E00A854F6 /* LaunchScreen.storyboard */ = {
			isa = PBXVariantGroup;
			children = (
				C87E374D21F79A5E00A854F6 /* Base */,
			);
			name = LaunchScreen.storyboard;
			sourceTree = "<group>";
		};
/* End PBXVariantGroup section */

/* Begin XCBuildConfiguration section */
		C87E376821F79A5E00A854F6 /* Debug */ = {
			isa = XCBuildConfiguration;
			buildSettings = {
				ALWAYS_SEARCH_USER_PATHS = NO;
				CLANG_ANALYZER_NONNULL = YES;
				CLANG_ANALYZER_NUMBER_OBJECT_CONVERSION = YES_AGGRESSIVE;
				CLANG_CXX_LANGUAGE_STANDARD = "gnu++14";
				CLANG_CXX_LIBRARY = "libc++";
				CLANG_ENABLE_MODULES = YES;
				CLANG_ENABLE_OBJC_ARC = YES;
				CLANG_ENABLE_OBJC_WEAK = YES;
				CLANG_WARN_BLOCK_CAPTURE_AUTORELEASING = YES;
				CLANG_WARN_BOOL_CONVERSION = YES;
				CLANG_WARN_COMMA = YES;
				CLANG_WARN_CONSTANT_CONVERSION = YES;
				CLANG_WARN_DEPRECATED_OBJC_IMPLEMENTATIONS = YES;
				CLANG_WARN_DIRECT_OBJC_ISA_USAGE = YES_ERROR;
				CLANG_WARN_DOCUMENTATION_COMMENTS = YES;
				CLANG_WARN_EMPTY_BODY = YES;
				CLANG_WARN_ENUM_CONVERSION = YES;
				CLANG_WARN_INFINITE_RECURSION = YES;
				CLANG_WARN_INT_CONVERSION = YES;
				CLANG_WARN_NON_LITERAL_NULL_CONVERSION = YES;
				CLANG_WARN_OBJC_IMPLICIT_RETAIN_SELF = YES;
				CLANG_WARN_OBJC_LITERAL_CONVERSION = YES;
				CLANG_WARN_OBJC_ROOT_CLASS = YES_ERROR;
				CLANG_WARN_RANGE_LOOP_ANALYSIS = YES;
				CLANG_WARN_STRICT_PROTOTYPES = YES;
				CLANG_WARN_SUSPICIOUS_MOVE = YES;
				CLANG_WARN_UNGUARDED_AVAILABILITY = YES_AGGRESSIVE;
				CLANG_WARN_UNREACHABLE_CODE = YES;
				CLANG_WARN__DUPLICATE_METHOD_MATCH = YES;
				CODE_SIGN_IDENTITY = "iPhone Developer";
				COPY_PHASE_STRIP = NO;
				DEBUG_INFORMATION_FORMAT = dwarf;
				ENABLE_STRICT_OBJC_MSGSEND = YES;
				ENABLE_TESTABILITY = YES;
				GCC_C_LANGUAGE_STANDARD = gnu11;
				GCC_DYNAMIC_NO_PIC = NO;
				GCC_NO_COMMON_BLOCKS = YES;
				GCC_OPTIMIZATION_LEVEL = 0;
				GCC_PREPROCESSOR_DEFINITIONS = (
					"DEBUG=1",
					"$(inherited)",
				);
				GCC_WARN_64_TO_32_BIT_CONVERSION = YES;
				GCC_WARN_ABOUT_RETURN_TYPE = YES_ERROR;
				GCC_WARN_UNDECLARED_SELECTOR = YES;
				GCC_WARN_UNINITIALIZED_AUTOS = YES_AGGRESSIVE;
				GCC_WARN_UNUSED_FUNCTION = YES;
				GCC_WARN_UNUSED_VARIABLE = YES;
				IPHONEOS_DEPLOYMENT_TARGET = 12.1;
				MTL_ENABLE_DEBUG_INFO = INCLUDE_SOURCE;
				MTL_FAST_MATH = YES;
				ONLY_ACTIVE_ARCH = YES;
				SDKROOT = iphoneos;
			};
			name = Debug;
		};
		C87E376921F79A5E00A854F6 /* Release */ = {
			isa = XCBuildConfiguration;
			buildSettings = {
				ALWAYS_SEARCH_USER_PATHS = NO;
				CLANG_ANALYZER_NONNULL = YES;
				CLANG_ANALYZER_NUMBER_OBJECT_CONVERSION = YES_AGGRESSIVE;
				CLANG_CXX_LANGUAGE_STANDARD = "gnu++14";
				CLANG_CXX_LIBRARY = "libc++";
				CLANG_ENABLE_MODULES = YES;
				CLANG_ENABLE_OBJC_ARC = YES;
				CLANG_ENABLE_OBJC_WEAK = YES;
				CLANG_WARN_BLOCK_CAPTURE_AUTORELEASING = YES;
				CLANG_WARN_BOOL_CONVERSION = YES;
				CLANG_WARN_COMMA = YES;
				CLANG_WARN_CONSTANT_CONVERSION = YES;
				CLANG_WARN_DEPRECATED_OBJC_IMPLEMENTATIONS = YES;
				CLANG_WARN_DIRECT_OBJC_ISA_USAGE = YES_ERROR;
				CLANG_WARN_DOCUMENTATION_COMMENTS = YES;
				CLANG_WARN_EMPTY_BODY = YES;
				CLANG_WARN_ENUM_CONVERSION = YES;
				CLANG_WARN_INFINITE_RECURSION = YES;
				CLANG_WARN_INT_CONVERSION = YES;
				CLANG_WARN_NON_LITERAL_NULL_CONVERSION = YES;
				CLANG_WARN_OBJC_IMPLICIT_RETAIN_SELF = YES;
				CLANG_WARN_OBJC_LITERAL_CONVERSION = YES;
				CLANG_WARN_OBJC_ROOT_CLASS = YES_ERROR;
				CLANG_WARN_RANGE_LOOP_ANALYSIS = YES;
				CLANG_WARN_STRICT_PROTOTYPES = YES;
				CLANG_WARN_SUSPICIOUS_MOVE = YES;
				CLANG_WARN_UNGUARDED_AVAILABILITY = YES_AGGRESSIVE;
				CLANG_WARN_UNREACHABLE_CODE = YES;
				CLANG_WARN__DUPLICATE_METHOD_MATCH = YES;
				CODE_SIGN_IDENTITY = "iPhone Developer";
				COPY_PHASE_STRIP = NO;
				DEBUG_INFORMATION_FORMAT = "dwarf-with-dsym";
				ENABLE_NS_ASSERTIONS = NO;
				ENABLE_STRICT_OBJC_MSGSEND = YES;
				GCC_C_LANGUAGE_STANDARD = gnu11;
				GCC_NO_COMMON_BLOCKS = YES;
				GCC_WARN_64_TO_32_BIT_CONVERSION = YES;
				GCC_WARN_ABOUT_RETURN_TYPE = YES_ERROR;
				GCC_WARN_UNDECLARED_SELECTOR = YES;
				GCC_WARN_UNINITIALIZED_AUTOS = YES_AGGRESSIVE;
				GCC_WARN_UNUSED_FUNCTION = YES;
				GCC_WARN_UNUSED_VARIABLE = YES;
				IPHONEOS_DEPLOYMENT_TARGET = 12.1;
				MTL_ENABLE_DEBUG_INFO = NO;
				MTL_FAST_MATH = YES;
				SDKROOT = iphoneos;
				VALIDATE_PRODUCT = YES;
			};
			name = Release;
		};
		C87E376B21F79A5E00A854F6 /* Debug */ = {
			isa = XCBuildConfiguration;
			buildSettings = {
				ASSETCATALOG_COMPILER_APPICON_NAME = AppIcon;
				CODE_SIGN_STYLE = Automatic;
				INFOPLIST_FILE = EveryDo/Info.plist;
				LD_RUNPATH_SEARCH_PATHS = (
					"$(inherited)",
					"@executable_path/Frameworks",
				);
				PRODUCT_BUNDLE_IDENTIFIER = com.juuuuuun.EveryDo;
				PRODUCT_NAME = "$(TARGET_NAME)";
				TARGETED_DEVICE_FAMILY = "1,2";
			};
			name = Debug;
		};
		C87E376C21F79A5E00A854F6 /* Release */ = {
			isa = XCBuildConfiguration;
			buildSettings = {
				ASSETCATALOG_COMPILER_APPICON_NAME = AppIcon;
				CODE_SIGN_STYLE = Automatic;
				INFOPLIST_FILE = EveryDo/Info.plist;
				LD_RUNPATH_SEARCH_PATHS = (
					"$(inherited)",
					"@executable_path/Frameworks",
				);
				PRODUCT_BUNDLE_IDENTIFIER = com.juuuuuun.EveryDo;
				PRODUCT_NAME = "$(TARGET_NAME)";
				TARGETED_DEVICE_FAMILY = "1,2";
			};
			name = Release;
		};
		C87E376E21F79A5E00A854F6 /* Debug */ = {
			isa = XCBuildConfiguration;
			buildSettings = {
				BUNDLE_LOADER = "$(TEST_HOST)";
				CODE_SIGN_STYLE = Automatic;
				INFOPLIST_FILE = EveryDoTests/Info.plist;
				LD_RUNPATH_SEARCH_PATHS = (
					"$(inherited)",
					"@executable_path/Frameworks",
					"@loader_path/Frameworks",
				);
				PRODUCT_BUNDLE_IDENTIFIER = com.juuuuuun.EveryDoTests;
				PRODUCT_NAME = "$(TARGET_NAME)";
				TARGETED_DEVICE_FAMILY = "1,2";
				TEST_HOST = "$(BUILT_PRODUCTS_DIR)/EveryDo.app/EveryDo";
			};
			name = Debug;
		};
		C87E376F21F79A5E00A854F6 /* Release */ = {
			isa = XCBuildConfiguration;
			buildSettings = {
				BUNDLE_LOADER = "$(TEST_HOST)";
				CODE_SIGN_STYLE = Automatic;
				INFOPLIST_FILE = EveryDoTests/Info.plist;
				LD_RUNPATH_SEARCH_PATHS = (
					"$(inherited)",
					"@executable_path/Frameworks",
					"@loader_path/Frameworks",
				);
				PRODUCT_BUNDLE_IDENTIFIER = com.juuuuuun.EveryDoTests;
				PRODUCT_NAME = "$(TARGET_NAME)";
				TARGETED_DEVICE_FAMILY = "1,2";
				TEST_HOST = "$(BUILT_PRODUCTS_DIR)/EveryDo.app/EveryDo";
			};
			name = Release;
		};
		C87E377121F79A5E00A854F6 /* Debug */ = {
			isa = XCBuildConfiguration;
			buildSettings = {
				CODE_SIGN_STYLE = Automatic;
				INFOPLIST_FILE = EveryDoUITests/Info.plist;
				LD_RUNPATH_SEARCH_PATHS = (
					"$(inherited)",
					"@executable_path/Frameworks",
					"@loader_path/Frameworks",
				);
				PRODUCT_BUNDLE_IDENTIFIER = com.juuuuuun.EveryDoUITests;
				PRODUCT_NAME = "$(TARGET_NAME)";
				TARGETED_DEVICE_FAMILY = "1,2";
				TEST_TARGET_NAME = EveryDo;
			};
			name = Debug;
		};
		C87E377221F79A5E00A854F6 /* Release */ = {
			isa = XCBuildConfiguration;
			buildSettings = {
				CODE_SIGN_STYLE = Automatic;
				INFOPLIST_FILE = EveryDoUITests/Info.plist;
				LD_RUNPATH_SEARCH_PATHS = (
					"$(inherited)",
					"@executable_path/Frameworks",
					"@loader_path/Frameworks",
				);
				PRODUCT_BUNDLE_IDENTIFIER = com.juuuuuun.EveryDoUITests;
				PRODUCT_NAME = "$(TARGET_NAME)";
				TARGETED_DEVICE_FAMILY = "1,2";
				TEST_TARGET_NAME = EveryDo;
			};
			name = Release;
		};
/* End XCBuildConfiguration section */

/* Begin XCConfigurationList section */
		C87E373921F79A5D00A854F6 /* Build configuration list for PBXProject "EveryDo" */ = {
			isa = XCConfigurationList;
			buildConfigurations = (
				C87E376821F79A5E00A854F6 /* Debug */,
				C87E376921F79A5E00A854F6 /* Release */,
			);
			defaultConfigurationIsVisible = 0;
			defaultConfigurationName = Release;
		};
		C87E376A21F79A5E00A854F6 /* Build configuration list for PBXNativeTarget "EveryDo" */ = {
			isa = XCConfigurationList;
			buildConfigurations = (
				C87E376B21F79A5E00A854F6 /* Debug */,
				C87E376C21F79A5E00A854F6 /* Release */,
			);
			defaultConfigurationIsVisible = 0;
			defaultConfigurationName = Release;
		};
		C87E376D21F79A5E00A854F6 /* Build configuration list for PBXNativeTarget "EveryDoTests" */ = {
			isa = XCConfigurationList;
			buildConfigurations = (
				C87E376E21F79A5E00A854F6 /* Debug */,
				C87E376F21F79A5E00A854F6 /* Release */,
			);
			defaultConfigurationIsVisible = 0;
			defaultConfigurationName = Release;
		};
		C87E377021F79A5E00A854F6 /* Build configuration list for PBXNativeTarget "EveryDoUITests" */ = {
			isa = XCConfigurationList;
			buildConfigurations = (
				C87E377121F79A5E00A854F6 /* Debug */,
				C87E377221F79A5E00A854F6 /* Release */,
			);
			defaultConfigurationIsVisible = 0;
			defaultConfigurationName = Release;
		};
/* End XCConfigurationList section */
	};
	rootObject = C87E373621F79A5D00A854F6 /* Project object */;
}
